
Microsoft Visual Studio Solution File, Format Version 12.00
# Visual Studio 15
Project("{FAE04EC0-301F-11D3-BF4B-00C04F79EFBC}") = "Assembly-CSharp", "Assembly-CSharp.csproj", "{E92AC191-3C6F-E234-3332-A131B37550C8}"
EndProject
Project("{FAE04EC0-301F-11D3-BF4B-00C04F79EFBC}") = "Assembly-CSharp-Editor", "Assembly-CSharp-Editor.csproj", "{5E0CEF84-2DAD-377E-3032-30BB5550053B}"
EndProject
Global
	GlobalSection(SolutionConfigurationPlatforms) = preSolution
		Debug|Any CPU = Debug|Any CPU
		Release|Any CPU = Release|Any CPU
	EndGlobalSection
	GlobalSection(ProjectConfigurationPlatforms) = postSolution
		{E92AC191-3C6F-E234-3332-A131B37550C8}.Debug|Any CPU.ActiveCfg = Debug|Any CPU
		{E92AC191-3C6F-E234-3332-A131B37550C8}.Debug|Any CPU.Build.0 = Debug|Any CPU
		{E92AC191-3C6F-E234-3332-A131B37550C8}.Release|Any CPU.ActiveCfg = Release|Any CPU
		{E92AC191-3C6F-E234-3332-A131B37550C8}.Release|Any CPU.Build.0 = Release|Any CPU
		{5E0CEF84-2DAD-377E-3032-30BB5550053B}.Debug|Any CPU.ActiveCfg = Debug|Any CPU
		{5E0CEF84-2DAD-377E-3032-30BB5550053B}.Debug|Any CPU.Build.0 = Debug|Any CPU
		{5E0CEF84-2DAD-377E-3032-30BB5550053B}.Release|Any CPU.ActiveCfg = Release|Any CPU
		{5E0CEF84-2DAD-377E-3032-30BB5550053B}.Release|Any CPU.Build.0 = Release|Any CPU
	EndGlobalSection
	GlobalSection(SolutionProperties) = preSolution
		HideSolutionNode = FALSE
	EndGlobalSection
EndGlobal
